// !$*UTF8*$!
{
	archiveVersion = 1;
	classes = {
	};
	objectVersion = 55;
	objects = {

/* Begin PBXBuildFile section */
		54EB4F1D2741228D0041D5C2 /* AppDelegate.swift in Sources */ = {isa = PBXBuildFile; fileRef = 54EB4F1C2741228D0041D5C2 /* AppDelegate.swift */; };
		54EB4F1F2741228D0041D5C2 /* SceneDelegate.swift in Sources */ = {isa = PBXBuildFile; fileRef = 54EB4F1E2741228D0041D5C2 /* SceneDelegate.swift */; };
		54EB4F26274122910041D5C2 /* Assets.xcassets in Resources */ = {isa = PBXBuildFile; fileRef = 54EB4F25274122910041D5C2 /* Assets.xcassets */; };
		54EB4F34274122910041D5C2 /* TransurbanTaskTests.swift in Sources */ = {isa = PBXBuildFile; fileRef = 54EB4F33274122910041D5C2 /* TransurbanTaskTests.swift */; };
		54EB4F3E274122910041D5C2 /* TransurbanTaskUITests.swift in Sources */ = {isa = PBXBuildFile; fileRef = 54EB4F3D274122910041D5C2 /* TransurbanTaskUITests.swift */; };
		54EB4F40274122910041D5C2 /* TransurbanTaskUITestsLaunchTests.swift in Sources */ = {isa = PBXBuildFile; fileRef = 54EB4F3F274122910041D5C2 /* TransurbanTaskUITestsLaunchTests.swift */; };
		54EB4F4F274123970041D5C2 /* URL.swift in Sources */ = {isa = PBXBuildFile; fileRef = 54EB4F4E274123970041D5C2 /* URL.swift */; };
		54EB4F5B274127F30041D5C2 /* StarshipListViewController.swift in Sources */ = {isa = PBXBuildFile; fileRef = 54EB4F59274127F30041D5C2 /* StarshipListViewController.swift */; };
		54EB4F5C274127F30041D5C2 /* StarshipListViewController.xib in Resources */ = {isa = PBXBuildFile; fileRef = 54EB4F5A274127F30041D5C2 /* StarshipListViewController.xib */; };
		54EB4F6127412E120041D5C2 /* Alamofire in Frameworks */ = {isa = PBXBuildFile; productRef = 54EB4F6027412E120041D5C2 /* Alamofire */; };
		54EB4F6427412F3A0041D5C2 /* PromiseKit in Frameworks */ = {isa = PBXBuildFile; productRef = 54EB4F6327412F3A0041D5C2 /* PromiseKit */; };
		54EB4F6627412F7A0041D5C2 /* StarshipApiRepository.swift in Sources */ = {isa = PBXBuildFile; fileRef = 54EB4F6527412F7A0041D5C2 /* StarshipApiRepository.swift */; };
		54EB4F6827412FD00041D5C2 /* StarshipsModel.swift in Sources */ = {isa = PBXBuildFile; fileRef = 54EB4F6727412FD00041D5C2 /* StarshipsModel.swift */; };
/* End PBXBuildFile section */

/* Begin PBXContainerItemProxy section */
		54EB4F30274122910041D5C2 /* PBXContainerItemProxy */ = {
			isa = PBXContainerItemProxy;
			containerPortal = 54EB4F112741228D0041D5C2 /* Project object */;
			proxyType = 1;
			remoteGlobalIDString = 54EB4F182741228D0041D5C2;
			remoteInfo = TransurbanTask;
		};
		54EB4F3A274122910041D5C2 /* PBXContainerItemProxy */ = {
			isa = PBXContainerItemProxy;
			containerPortal = 54EB4F112741228D0041D5C2 /* Project object */;
			proxyType = 1;
			remoteGlobalIDString = 54EB4F182741228D0041D5C2;
			remoteInfo = TransurbanTask;
		};
/* End PBXContainerItemProxy section */

/* Begin PBXFileReference section */
		54EB4F192741228D0041D5C2 /* TransurbanTask.app */ = {isa = PBXFileReference; explicitFileType = wrapper.application; includeInIndex = 0; path = TransurbanTask.app; sourceTree = BUILT_PRODUCTS_DIR; };
		54EB4F1C2741228D0041D5C2 /* AppDelegate.swift */ = {isa = PBXFileReference; lastKnownFileType = sourcecode.swift; path = AppDelegate.swift; sourceTree = "<group>"; };
		54EB4F1E2741228D0041D5C2 /* SceneDelegate.swift */ = {isa = PBXFileReference; lastKnownFileType = sourcecode.swift; path = SceneDelegate.swift; sourceTree = "<group>"; };
		54EB4F25274122910041D5C2 /* Assets.xcassets */ = {isa = PBXFileReference; lastKnownFileType = folder.assetcatalog; path = Assets.xcassets; sourceTree = "<group>"; };
		54EB4F2A274122910041D5C2 /* Info.plist */ = {isa = PBXFileReference; lastKnownFileType = text.plist.xml; path = Info.plist; sourceTree = "<group>"; };
		54EB4F2F274122910041D5C2 /* TransurbanTaskTests.xctest */ = {isa = PBXFileReference; explicitFileType = wrapper.cfbundle; includeInIndex = 0; path = TransurbanTaskTests.xctest; sourceTree = BUILT_PRODUCTS_DIR; };
		54EB4F33274122910041D5C2 /* TransurbanTaskTests.swift */ = {isa = PBXFileReference; lastKnownFileType = sourcecode.swift; path = TransurbanTaskTests.swift; sourceTree = "<group>"; };
		54EB4F39274122910041D5C2 /* TransurbanTaskUITests.xctest */ = {isa = PBXFileReference; explicitFileType = wrapper.cfbundle; includeInIndex = 0; path = TransurbanTaskUITests.xctest; sourceTree = BUILT_PRODUCTS_DIR; };
		54EB4F3D274122910041D5C2 /* TransurbanTaskUITests.swift */ = {isa = PBXFileReference; lastKnownFileType = sourcecode.swift; path = TransurbanTaskUITests.swift; sourceTree = "<group>"; };
		54EB4F3F274122910041D5C2 /* TransurbanTaskUITestsLaunchTests.swift */ = {isa = PBXFileReference; lastKnownFileType = sourcecode.swift; path = TransurbanTaskUITestsLaunchTests.swift; sourceTree = "<group>"; };
		54EB4F4E274123970041D5C2 /* URL.swift */ = {isa = PBXFileReference; fileEncoding = 4; lastKnownFileType = sourcecode.swift; path = URL.swift; sourceTree = "<group>"; };
		54EB4F59274127F30041D5C2 /* StarshipListViewController.swift */ = {isa = PBXFileReference; lastKnownFileType = sourcecode.swift; path = StarshipListViewController.swift; sourceTree = "<group>"; };
		54EB4F5A274127F30041D5C2 /* StarshipListViewController.xib */ = {isa = PBXFileReference; lastKnownFileType = file.xib; path = StarshipListViewController.xib; sourceTree = "<group>"; };
		54EB4F6527412F7A0041D5C2 /* StarshipApiRepository.swift */ = {isa = PBXFileReference; lastKnownFileType = sourcecode.swift; path = StarshipApiRepository.swift; sourceTree = "<group>"; };
		54EB4F6727412FD00041D5C2 /* StarshipsModel.swift */ = {isa = PBXFileReference; lastKnownFileType = sourcecode.swift; path = StarshipsModel.swift; sourceTree = "<group>"; };
/* End PBXFileReference section */

/* Begin PBXFrameworksBuildPhase section */
		54EB4F162741228D0041D5C2 /* Frameworks */ = {
			isa = PBXFrameworksBuildPhase;
			buildActionMask = 2147483647;
			files = (
				54EB4F6127412E120041D5C2 /* Alamofire in Frameworks */,
				54EB4F6427412F3A0041D5C2 /* PromiseKit in Frameworks */,
			);
			runOnlyForDeploymentPostprocessing = 0;
		};
		54EB4F2C274122910041D5C2 /* Frameworks */ = {
			isa = PBXFrameworksBuildPhase;
			buildActionMask = 2147483647;
			files = (
			);
			runOnlyForDeploymentPostprocessing = 0;
		};
		54EB4F36274122910041D5C2 /* Frameworks */ = {
			isa = PBXFrameworksBuildPhase;
			buildActionMask = 2147483647;
			files = (
			);
			runOnlyForDeploymentPostprocessing = 0;
		};
/* End PBXFrameworksBuildPhase section */

/* Begin PBXGroup section */
		54EB4F102741228D0041D5C2 = {
			isa = PBXGroup;
			children = (
				54EB4F1B2741228D0041D5C2 /* TransurbanTask */,
				54EB4F32274122910041D5C2 /* TransurbanTaskTests */,
				54EB4F3C274122910041D5C2 /* TransurbanTaskUITests */,
				54EB4F1A2741228D0041D5C2 /* Products */,
			);
			sourceTree = "<group>";
		};
		54EB4F1A2741228D0041D5C2 /* Products */ = {
			isa = PBXGroup;
			children = (
				54EB4F192741228D0041D5C2 /* TransurbanTask.app */,
				54EB4F2F274122910041D5C2 /* TransurbanTaskTests.xctest */,
				54EB4F39274122910041D5C2 /* TransurbanTaskUITests.xctest */,
			);
			name = Products;
			sourceTree = "<group>";
		};
		54EB4F1B2741228D0041D5C2 /* TransurbanTask */ = {
			isa = PBXGroup;
			children = (
				54EB4F1C2741228D0041D5C2 /* AppDelegate.swift */,
				54EB4F1E2741228D0041D5C2 /* SceneDelegate.swift */,
				54EB4F512741253B0041D5C2 /* Modules */,
				54EB4F25274122910041D5C2 /* Assets.xcassets */,
				54EB4F4C274123970041D5C2 /* Library */,
				54EB4F2A274122910041D5C2 /* Info.plist */,
			);
			path = TransurbanTask;
			sourceTree = "<group>";
		};
		54EB4F32274122910041D5C2 /* TransurbanTaskTests */ = {
			isa = PBXGroup;
			children = (
				54EB4F33274122910041D5C2 /* TransurbanTaskTests.swift */,
			);
			path = TransurbanTaskTests;
			sourceTree = "<group>";
		};
		54EB4F3C274122910041D5C2 /* TransurbanTaskUITests */ = {
			isa = PBXGroup;
			children = (
				54EB4F3D274122910041D5C2 /* TransurbanTaskUITests.swift */,
				54EB4F3F274122910041D5C2 /* TransurbanTaskUITestsLaunchTests.swift */,
			);
			path = TransurbanTaskUITests;
			sourceTree = "<group>";
		};
		54EB4F4C274123970041D5C2 /* Library */ = {
			isa = PBXGroup;
			children = (
				54EB4F4D274123970041D5C2 /* Constants */,
			);
			path = Library;
			sourceTree = "<group>";
		};
		54EB4F4D274123970041D5C2 /* Constants */ = {
			isa = PBXGroup;
			children = (
				54EB4F4E274123970041D5C2 /* URL.swift */,
			);
			path = Constants;
			sourceTree = "<group>";
		};
		54EB4F50274125220041D5C2 /* Starships */ = {
			isa = PBXGroup;
			children = (
				54EB4F52274125820041D5C2 /* StarshipList */,
				54EB4F56274126250041D5C2 /* StarShipDetails */,
				54EB4F5D27412CA90041D5C2 /* Model */,
				54EB4F5E27412CD20041D5C2 /* Repositories */,
			);
			path = Starships;
			sourceTree = "<group>";
		};
		54EB4F512741253B0041D5C2 /* Modules */ = {
			isa = PBXGroup;
			children = (
				54EB4F50274125220041D5C2 /* Starships */,
			);
			path = Modules;
			sourceTree = "<group>";
		};
		54EB4F52274125820041D5C2 /* StarshipList */ = {
			isa = PBXGroup;
			children = (
				54EB4F53274125B60041D5C2 /* Cells */,
				54EB4F54274125DB0041D5C2 /* Views */,
				54EB4F55274125EB0041D5C2 /* ViewModel */,
			);
			path = StarshipList;
			sourceTree = "<group>";
		};
		54EB4F53274125B60041D5C2 /* Cells */ = {
			isa = PBXGroup;
			children = (
			);
			path = Cells;
			sourceTree = "<group>";
		};
		54EB4F54274125DB0041D5C2 /* Views */ = {
			isa = PBXGroup;
			children = (
				54EB4F59274127F30041D5C2 /* StarshipListViewController.swift */,
				54EB4F5A274127F30041D5C2 /* StarshipListViewController.xib */,
			);
			path = Views;
			sourceTree = "<group>";
		};
		54EB4F55274125EB0041D5C2 /* ViewModel */ = {
			isa = PBXGroup;
			children = (
			);
			path = ViewModel;
			sourceTree = "<group>";
		};
		54EB4F56274126250041D5C2 /* StarShipDetails */ = {
			isa = PBXGroup;
			children = (
			);
			path = StarShipDetails;
			sourceTree = "<group>";
		};
		54EB4F5D27412CA90041D5C2 /* Model */ = {
			isa = PBXGroup;
			children = (
				54EB4F6727412FD00041D5C2 /* StarshipsModel.swift */,
			);
			name = Model;
			path = StarShipDetails;
			sourceTree = "<group>";
		};
		54EB4F5E27412CD20041D5C2 /* Repositories */ = {
			isa = PBXGroup;
			children = (
				54EB4F6527412F7A0041D5C2 /* StarshipApiRepository.swift */,
			);
			path = Repositories;
			sourceTree = "<group>";
		};
/* End PBXGroup section */

/* Begin PBXNativeTarget section */
		54EB4F182741228D0041D5C2 /* TransurbanTask */ = {
			isa = PBXNativeTarget;
			buildConfigurationList = 54EB4F43274122910041D5C2 /* Build configuration list for PBXNativeTarget "TransurbanTask" */;
			buildPhases = (
				54EB4F152741228D0041D5C2 /* Sources */,
				54EB4F162741228D0041D5C2 /* Frameworks */,
				54EB4F172741228D0041D5C2 /* Resources */,
			);
			buildRules = (
			);
			dependencies = (
			);
			name = TransurbanTask;
			packageProductDependencies = (
				54EB4F6027412E120041D5C2 /* Alamofire */,
				54EB4F6327412F3A0041D5C2 /* PromiseKit */,
			);
			productName = TransurbanTask;
			productReference = 54EB4F192741228D0041D5C2 /* TransurbanTask.app */;
			productType = "com.apple.product-type.application";
		};
		54EB4F2E274122910041D5C2 /* TransurbanTaskTests */ = {
			isa = PBXNativeTarget;
			buildConfigurationList = 54EB4F46274122910041D5C2 /* Build configuration list for PBXNativeTarget "TransurbanTaskTests" */;
			buildPhases = (
				54EB4F2B274122910041D5C2 /* Sources */,
				54EB4F2C274122910041D5C2 /* Frameworks */,
				54EB4F2D274122910041D5C2 /* Resources */,
			);
			buildRules = (
			);
			dependencies = (
				54EB4F31274122910041D5C2 /* PBXTargetDependency */,
			);
			name = TransurbanTaskTests;
			productName = TransurbanTaskTests;
			productReference = 54EB4F2F274122910041D5C2 /* TransurbanTaskTests.xctest */;
			productType = "com.apple.product-type.bundle.unit-test";
		};
		54EB4F38274122910041D5C2 /* TransurbanTaskUITests */ = {
			isa = PBXNativeTarget;
			buildConfigurationList = 54EB4F49274122910041D5C2 /* Build configuration list for PBXNativeTarget "TransurbanTaskUITests" */;
			buildPhases = (
				54EB4F35274122910041D5C2 /* Sources */,
				54EB4F36274122910041D5C2 /* Frameworks */,
				54EB4F37274122910041D5C2 /* Resources */,
			);
			buildRules = (
			);
			dependencies = (
				54EB4F3B274122910041D5C2 /* PBXTargetDependency */,
			);
			name = TransurbanTaskUITests;
			productName = TransurbanTaskUITests;
			productReference = 54EB4F39274122910041D5C2 /* TransurbanTaskUITests.xctest */;
			productType = "com.apple.product-type.bundle.ui-testing";
		};
/* End PBXNativeTarget section */

/* Begin PBXProject section */
		54EB4F112741228D0041D5C2 /* Project object */ = {
			isa = PBXProject;
			attributes = {
				BuildIndependentTargetsInParallel = 1;
				LastSwiftUpdateCheck = 1310;
				LastUpgradeCheck = 1310;
				TargetAttributes = {
					54EB4F182741228D0041D5C2 = {
						CreatedOnToolsVersion = 13.1;
					};
					54EB4F2E274122910041D5C2 = {
						CreatedOnToolsVersion = 13.1;
						TestTargetID = 54EB4F182741228D0041D5C2;
					};
					54EB4F38274122910041D5C2 = {
						CreatedOnToolsVersion = 13.1;
						TestTargetID = 54EB4F182741228D0041D5C2;
					};
				};
			};
			buildConfigurationList = 54EB4F142741228D0041D5C2 /* Build configuration list for PBXProject "TransurbanTask" */;
			compatibilityVersion = "Xcode 13.0";
			developmentRegion = en;
			hasScannedForEncodings = 0;
			knownRegions = (
				en,
				Base,
			);
			mainGroup = 54EB4F102741228D0041D5C2;
			packageReferences = (
				54EB4F5F27412E120041D5C2 /* XCRemoteSwiftPackageReference "Alamofire" */,
				54EB4F6227412F3A0041D5C2 /* XCRemoteSwiftPackageReference "PromiseKit" */,
			);
			productRefGroup = 54EB4F1A2741228D0041D5C2 /* Products */;
			projectDirPath = "";
			projectRoot = "";
			targets = (
				54EB4F182741228D0041D5C2 /* TransurbanTask */,
				54EB4F2E274122910041D5C2 /* TransurbanTaskTests */,
				54EB4F38274122910041D5C2 /* TransurbanTaskUITests */,
			);
		};
/* End PBXProject section */

/* Begin PBXResourcesBuildPhase section */
		54EB4F172741228D0041D5C2 /* Resources */ = {
			isa = PBXResourcesBuildPhase;
			buildActionMask = 2147483647;
			files = (
				54EB4F5C274127F30041D5C2 /* StarshipListViewController.xib in Resources */,
				54EB4F26274122910041D5C2 /* Assets.xcassets in Resources */,
			);
			runOnlyForDeploymentPostprocessing = 0;
		};
		54EB4F2D274122910041D5C2 /* Resources */ = {
			isa = PBXResourcesBuildPhase;
			buildActionMask = 2147483647;
			files = (
			);
			runOnlyForDeploymentPostprocessing = 0;
		};
		54EB4F37274122910041D5C2 /* Resources */ = {
			isa = PBXResourcesBuildPhase;
			buildActionMask = 2147483647;
			files = (
			);
			runOnlyForDeploymentPostprocessing = 0;
		};
/* End PBXResourcesBuildPhase section */

/* Begin PBXSourcesBuildPhase section */
		54EB4F152741228D0041D5C2 /* Sources */ = {
			isa = PBXSourcesBuildPhase;
			buildActionMask = 2147483647;
			files = (
				54EB4F5B274127F30041D5C2 /* StarshipListViewController.swift in Sources */,
				54EB4F1D2741228D0041D5C2 /* AppDelegate.swift in Sources */,
				54EB4F6627412F7A0041D5C2 /* StarshipApiRepository.swift in Sources */,
				54EB4F6827412FD00041D5C2 /* StarshipsModel.swift in Sources */,
				54EB4F1F2741228D0041D5C2 /* SceneDelegate.swift in Sources */,
				54EB4F4F274123970041D5C2 /* URL.swift in Sources */,
			);
			runOnlyForDeploymentPostprocessing = 0;
		};
		54EB4F2B274122910041D5C2 /* Sources */ = {
			isa = PBXSourcesBuildPhase;
			buildActionMask = 2147483647;
			files = (
				54EB4F34274122910041D5C2 /* TransurbanTaskTests.swift in Sources */,
			);
			runOnlyForDeploymentPostprocessing = 0;
		};
		54EB4F35274122910041D5C2 /* Sources */ = {
			isa = PBXSourcesBuildPhase;
			buildActionMask = 2147483647;
			files = (
				54EB4F3E274122910041D5C2 /* TransurbanTaskUITests.swift in Sources */,
				54EB4F40274122910041D5C2 /* TransurbanTaskUITestsLaunchTests.swift in Sources */,
			);
			runOnlyForDeploymentPostprocessing = 0;
		};
/* End PBXSourcesBuildPhase section */

/* Begin PBXTargetDependency section */
		54EB4F31274122910041D5C2 /* PBXTargetDependency */ = {
			isa = PBXTargetDependency;
			target = 54EB4F182741228D0041D5C2 /* TransurbanTask */;
			targetProxy = 54EB4F30274122910041D5C2 /* PBXContainerItemProxy */;
		};
		54EB4F3B274122910041D5C2 /* PBXTargetDependency */ = {
			isa = PBXTargetDependency;
			target = 54EB4F182741228D0041D5C2 /* TransurbanTask */;
			targetProxy = 54EB4F3A274122910041D5C2 /* PBXContainerItemProxy */;
		};
/* End PBXTargetDependency section */

/* Begin XCBuildConfiguration section */
		54EB4F41274122910041D5C2 /* Debug */ = {
			isa = XCBuildConfiguration;
			buildSettings = {
				ALWAYS_SEARCH_USER_PATHS = NO;
				CLANG_ANALYZER_NONNULL = YES;
				CLANG_ANALYZER_NUMBER_OBJECT_CONVERSION = YES_AGGRESSIVE;
				CLANG_CXX_LANGUAGE_STANDARD = "gnu++17";
				CLANG_CXX_LIBRARY = "libc++";
				CLANG_ENABLE_MODULES = YES;
				CLANG_ENABLE_OBJC_ARC = YES;
				CLANG_ENABLE_OBJC_WEAK = YES;
				CLANG_WARN_BLOCK_CAPTURE_AUTORELEASING = YES;
				CLANG_WARN_BOOL_CONVERSION = YES;
				CLANG_WARN_COMMA = YES;
				CLANG_WARN_CONSTANT_CONVERSION = YES;
				CLANG_WARN_DEPRECATED_OBJC_IMPLEMENTATIONS = YES;
				CLANG_WARN_DIRECT_OBJC_ISA_USAGE = YES_ERROR;
				CLANG_WARN_DOCUMENTATION_COMMENTS = YES;
				CLANG_WARN_EMPTY_BODY = YES;
				CLANG_WARN_ENUM_CONVERSION = YES;
				CLANG_WARN_INFINITE_RECURSION = YES;
				CLANG_WARN_INT_CONVERSION = YES;
				CLANG_WARN_NON_LITERAL_NULL_CONVERSION = YES;
				CLANG_WARN_OBJC_IMPLICIT_RETAIN_SELF = YES;
				CLANG_WARN_OBJC_LITERAL_CONVERSION = YES;
				CLANG_WARN_OBJC_ROOT_CLASS = YES_ERROR;
				CLANG_WARN_QUOTED_INCLUDE_IN_FRAMEWORK_HEADER = YES;
				CLANG_WARN_RANGE_LOOP_ANALYSIS = YES;
				CLANG_WARN_STRICT_PROTOTYPES = YES;
				CLANG_WARN_SUSPICIOUS_MOVE = YES;
				CLANG_WARN_UNGUARDED_AVAILABILITY = YES_AGGRESSIVE;
				CLANG_WARN_UNREACHABLE_CODE = YES;
				CLANG_WARN__DUPLICATE_METHOD_MATCH = YES;
				COPY_PHASE_STRIP = NO;
				DEBUG_INFORMATION_FORMAT = dwarf;
				ENABLE_STRICT_OBJC_MSGSEND = YES;
				ENABLE_TESTABILITY = YES;
				GCC_C_LANGUAGE_STANDARD = gnu11;
				GCC_DYNAMIC_NO_PIC = NO;
				GCC_NO_COMMON_BLOCKS = YES;
				GCC_OPTIMIZATION_LEVEL = 0;
				GCC_PREPROCESSOR_DEFINITIONS = (
					"DEBUG=1",
					"$(inherited)",
				);
				GCC_WARN_64_TO_32_BIT_CONVERSION = YES;
				GCC_WARN_ABOUT_RETURN_TYPE = YES_ERROR;
				GCC_WARN_UNDECLARED_SELECTOR = YES;
				GCC_WARN_UNINITIALIZED_AUTOS = YES_AGGRESSIVE;
				GCC_WARN_UNUSED_FUNCTION = YES;
				GCC_WARN_UNUSED_VARIABLE = YES;
				IPHONEOS_DEPLOYMENT_TARGET = 15.0;
				MTL_ENABLE_DEBUG_INFO = INCLUDE_SOURCE;
				MTL_FAST_MATH = YES;
				ONLY_ACTIVE_ARCH = YES;
				SDKROOT = iphoneos;
				SWIFT_ACTIVE_COMPILATION_CONDITIONS = DEBUG;
				SWIFT_OPTIMIZATION_LEVEL = "-Onone";
			};
			name = Debug;
		};
		54EB4F42274122910041D5C2 /* Release */ = {
			isa = XCBuildConfiguration;
			buildSettings = {
				ALWAYS_SEARCH_USER_PATHS = NO;
				CLANG_ANALYZER_NONNULL = YES;
				CLANG_ANALYZER_NUMBER_OBJECT_CONVERSION = YES_AGGRESSIVE;
				CLANG_CXX_LANGUAGE_STANDARD = "gnu++17";
				CLANG_CXX_LIBRARY = "libc++";
				CLANG_ENABLE_MODULES = YES;
				CLANG_ENABLE_OBJC_ARC = YES;
				CLANG_ENABLE_OBJC_WEAK = YES;
				CLANG_WARN_BLOCK_CAPTURE_AUTORELEASING = YES;
				CLANG_WARN_BOOL_CONVERSION = YES;
				CLANG_WARN_COMMA = YES;
				CLANG_WARN_CONSTANT_CONVERSION = YES;
				CLANG_WARN_DEPRECATED_OBJC_IMPLEMENTATIONS = YES;
				CLANG_WARN_DIRECT_OBJC_ISA_USAGE = YES_ERROR;
				CLANG_WARN_DOCUMENTATION_COMMENTS = YES;
				CLANG_WARN_EMPTY_BODY = YES;
				CLANG_WARN_ENUM_CONVERSION = YES;
				CLANG_WARN_INFINITE_RECURSION = YES;
				CLANG_WARN_INT_CONVERSION = YES;
				CLANG_WARN_NON_LITERAL_NULL_CONVERSION = YES;
				CLANG_WARN_OBJC_IMPLICIT_RETAIN_SELF = YES;
				CLANG_WARN_OBJC_LITERAL_CONVERSION = YES;
				CLANG_WARN_OBJC_ROOT_CLASS = YES_ERROR;
				CLANG_WARN_QUOTED_INCLUDE_IN_FRAMEWORK_HEADER = YES;
				CLANG_WARN_RANGE_LOOP_ANALYSIS = YES;
				CLANG_WARN_STRICT_PROTOTYPES = YES;
				CLANG_WARN_SUSPICIOUS_MOVE = YES;
				CLANG_WARN_UNGUARDED_AVAILABILITY = YES_AGGRESSIVE;
				CLANG_WARN_UNREACHABLE_CODE = YES;
				CLANG_WARN__DUPLICATE_METHOD_MATCH = YES;
				COPY_PHASE_STRIP = NO;
				DEBUG_INFORMATION_FORMAT = "dwarf-with-dsym";
				ENABLE_NS_ASSERTIONS = NO;
				ENABLE_STRICT_OBJC_MSGSEND = YES;
				GCC_C_LANGUAGE_STANDARD = gnu11;
				GCC_NO_COMMON_BLOCKS = YES;
				GCC_WARN_64_TO_32_BIT_CONVERSION = YES;
				GCC_WARN_ABOUT_RETURN_TYPE = YES_ERROR;
				GCC_WARN_UNDECLARED_SELECTOR = YES;
				GCC_WARN_UNINITIALIZED_AUTOS = YES_AGGRESSIVE;
				GCC_WARN_UNUSED_FUNCTION = YES;
				GCC_WARN_UNUSED_VARIABLE = YES;
				IPHONEOS_DEPLOYMENT_TARGET = 15.0;
				MTL_ENABLE_DEBUG_INFO = NO;
				MTL_FAST_MATH = YES;
				SDKROOT = iphoneos;
				SWIFT_COMPILATION_MODE = wholemodule;
				SWIFT_OPTIMIZATION_LEVEL = "-O";
				VALIDATE_PRODUCT = YES;
			};
			name = Release;
		};
		54EB4F44274122910041D5C2 /* Debug */ = {
			isa = XCBuildConfiguration;
			buildSettings = {
				ASSETCATALOG_COMPILER_APPICON_NAME = AppIcon;
				ASSETCATALOG_COMPILER_GLOBAL_ACCENT_COLOR_NAME = AccentColor;
				CODE_SIGN_STYLE = Automatic;
				CURRENT_PROJECT_VERSION = 1;
				DEVELOPMENT_TEAM = A32VHM5D6N;
				GENERATE_INFOPLIST_FILE = YES;
				INFOPLIST_FILE = TransurbanTask/Info.plist;
				INFOPLIST_KEY_NSMainNibFile = StarshipListViewController;
				INFOPLIST_KEY_UIApplicationSupportsIndirectInputEvents = YES;
				INFOPLIST_KEY_UILaunchStoryboardName = LaunchScreen;
				INFOPLIST_KEY_UISupportedInterfaceOrientations_iPad = "UIInterfaceOrientationPortrait UIInterfaceOrientationPortraitUpsideDown UIInterfaceOrientationLandscapeLeft UIInterfaceOrientationLandscapeRight";
				INFOPLIST_KEY_UISupportedInterfaceOrientations_iPhone = "UIInterfaceOrientationPortrait UIInterfaceOrientationLandscapeLeft UIInterfaceOrientationLandscapeRight";
				LD_RUNPATH_SEARCH_PATHS = (
					"$(inherited)",
					"@executable_path/Frameworks",
				);
				MARKETING_VERSION = 1.0;
				PRODUCT_BUNDLE_IDENTIFIER = mittu.TransurbanTask;
				PRODUCT_NAME = "$(TARGET_NAME)";
				SWIFT_EMIT_LOC_STRINGS = YES;
				SWIFT_VERSION = 5.0;
				TARGETED_DEVICE_FAMILY = "1,2";
			};
			name = Debug;
		};
		54EB4F45274122910041D5C2 /* Release */ = {
			isa = XCBuildConfiguration;
			buildSettings = {
				ASSETCATALOG_COMPILER_APPICON_NAME = AppIcon;
				ASSETCATALOG_COMPILER_GLOBAL_ACCENT_COLOR_NAME = AccentColor;
				CODE_SIGN_STYLE = Automatic;
				CURRENT_PROJECT_VERSION = 1;
				DEVELOPMENT_TEAM = A32VHM5D6N;
				GENERATE_INFOPLIST_FILE = YES;
				INFOPLIST_FILE = TransurbanTask/Info.plist;
				INFOPLIST_KEY_NSMainNibFile = StarshipListViewController;
				INFOPLIST_KEY_UIApplicationSupportsIndirectInputEvents = YES;
				INFOPLIST_KEY_UILaunchStoryboardName = LaunchScreen;
				INFOPLIST_KEY_UISupportedInterfaceOrientations_iPad = "UIInterfaceOrientationPortrait UIInterfaceOrientationPortraitUpsideDown UIInterfaceOrientationLandscapeLeft UIInterfaceOrientationLandscapeRight";
				INFOPLIST_KEY_UISupportedInterfaceOrientations_iPhone = "UIInterfaceOrientationPortrait UIInterfaceOrientationLandscapeLeft UIInterfaceOrientationLandscapeRight";
				LD_RUNPATH_SEARCH_PATHS = (
					"$(inherited)",
					"@executable_path/Frameworks",
				);
				MARKETING_VERSION = 1.0;
				PRODUCT_BUNDLE_IDENTIFIER = mittu.TransurbanTask;
				PRODUCT_NAME = "$(TARGET_NAME)";
				SWIFT_EMIT_LOC_STRINGS = YES;
				SWIFT_VERSION = 5.0;
				TARGETED_DEVICE_FAMILY = "1,2";
			};
			name = Release;
		};
		54EB4F47274122910041D5C2 /* Debug */ = {
			isa = XCBuildConfiguration;
			buildSettings = {
				ALWAYS_EMBED_SWIFT_STANDARD_LIBRARIES = YES;
				BUNDLE_LOADER = "$(TEST_HOST)";
				CODE_SIGN_STYLE = Automatic;
				CURRENT_PROJECT_VERSION = 1;
				DEVELOPMENT_TEAM = A32VHM5D6N;
				GENERATE_INFOPLIST_FILE = YES;
				IPHONEOS_DEPLOYMENT_TARGET = 15.0;
				LD_RUNPATH_SEARCH_PATHS = (
					"$(inherited)",
					"@executable_path/Frameworks",
					"@loader_path/Frameworks",
				);
				MARKETING_VERSION = 1.0;
				PRODUCT_BUNDLE_IDENTIFIER = mittu.TransurbanTaskTests;
				PRODUCT_NAME = "$(TARGET_NAME)";
				SWIFT_EMIT_LOC_STRINGS = NO;
				SWIFT_VERSION = 5.0;
				TARGETED_DEVICE_FAMILY = "1,2";
				TEST_HOST = "$(BUILT_PRODUCTS_DIR)/TransurbanTask.app/TransurbanTask";
			};
			name = Debug;
		};
		54EB4F48274122910041D5C2 /* Release */ = {
			isa = XCBuildConfiguration;
			buildSettings = {
				ALWAYS_EMBED_SWIFT_STANDARD_LIBRARIES = YES;
				BUNDLE_LOADER = "$(TEST_HOST)";
				CODE_SIGN_STYLE = Automatic;
				CURRENT_PROJECT_VERSION = 1;
				DEVELOPMENT_TEAM = A32VHM5D6N;
				GENERATE_INFOPLIST_FILE = YES;
				IPHONEOS_DEPLOYMENT_TARGET = 15.0;
				LD_RUNPATH_SEARCH_PATHS = (
					"$(inherited)",
					"@executable_path/Frameworks",
					"@loader_path/Frameworks",
				);
				MARKETING_VERSION = 1.0;
				PRODUCT_BUNDLE_IDENTIFIER = mittu.TransurbanTaskTests;
				PRODUCT_NAME = "$(TARGET_NAME)";
				SWIFT_EMIT_LOC_STRINGS = NO;
				SWIFT_VERSION = 5.0;
				TARGETED_DEVICE_FAMILY = "1,2";
				TEST_HOST = "$(BUILT_PRODUCTS_DIR)/TransurbanTask.app/TransurbanTask";
			};
			name = Release;
		};
		54EB4F4A274122910041D5C2 /* Debug */ = {
			isa = XCBuildConfiguration;
			buildSettings = {
				ALWAYS_EMBED_SWIFT_STANDARD_LIBRARIES = YES;
				CODE_SIGN_STYLE = Automatic;
				CURRENT_PROJECT_VERSION = 1;
				DEVELOPMENT_TEAM = A32VHM5D6N;
				GENERATE_INFOPLIST_FILE = YES;
				LD_RUNPATH_SEARCH_PATHS = (
					"$(inherited)",
					"@executable_path/Frameworks",
					"@loader_path/Frameworks",
				);
				MARKETING_VERSION = 1.0;
				PRODUCT_BUNDLE_IDENTIFIER = mittu.TransurbanTaskUITests;
				PRODUCT_NAME = "$(TARGET_NAME)";
				SWIFT_EMIT_LOC_STRINGS = NO;
				SWIFT_VERSION = 5.0;
				TARGETED_DEVICE_FAMILY = "1,2";
				TEST_TARGET_NAME = TransurbanTask;
			};
			name = Debug;
		};
		54EB4F4B274122910041D5C2 /* Release */ = {
			isa = XCBuildConfiguration;
			buildSettings = {
				ALWAYS_EMBED_SWIFT_STANDARD_LIBRARIES = YES;
				CODE_SIGN_STYLE = Automatic;
				CURRENT_PROJECT_VERSION = 1;
				DEVELOPMENT_TEAM = A32VHM5D6N;
				GENERATE_INFOPLIST_FILE = YES;
				LD_RUNPATH_SEARCH_PATHS = (
					"$(inherited)",
					"@executable_path/Frameworks",
					"@loader_path/Frameworks",
				);
				MARKETING_VERSION = 1.0;
				PRODUCT_BUNDLE_IDENTIFIER = mittu.TransurbanTaskUITests;
				PRODUCT_NAME = "$(TARGET_NAME)";
				SWIFT_EMIT_LOC_STRINGS = NO;
				SWIFT_VERSION = 5.0;
				TARGETED_DEVICE_FAMILY = "1,2";
				TEST_TARGET_NAME = TransurbanTask;
			};
			name = Release;
		};
/* End XCBuildConfiguration section */

/* Begin XCConfigurationList section */
		54EB4F142741228D0041D5C2 /* Build configuration list for PBXProject "TransurbanTask" */ = {
			isa = XCConfigurationList;
			buildConfigurations = (
				54EB4F41274122910041D5C2 /* Debug */,
				54EB4F42274122910041D5C2 /* Release */,
			);
			defaultConfigurationIsVisible = 0;
			defaultConfigurationName = Release;
		};
		54EB4F43274122910041D5C2 /* Build configuration list for PBXNativeTarget "TransurbanTask" */ = {
			isa = XCConfigurationList;
			buildConfigurations = (
				54EB4F44274122910041D5C2 /* Debug */,
				54EB4F45274122910041D5C2 /* Release */,
			);
			defaultConfigurationIsVisible = 0;
			defaultConfigurationName = Release;
		};
		54EB4F46274122910041D5C2 /* Build configuration list for PBXNativeTarget "TransurbanTaskTests" */ = {
			isa = XCConfigurationList;
			buildConfigurations = (
				54EB4F47274122910041D5C2 /* Debug */,
				54EB4F48274122910041D5C2 /* Release */,
			);
			defaultConfigurationIsVisible = 0;
			defaultConfigurationName = Release;
		};
		54EB4F49274122910041D5C2 /* Build configuration list for PBXNativeTarget "TransurbanTaskUITests" */ = {
			isa = XCConfigurationList;
			buildConfigurations = (
				54EB4F4A274122910041D5C2 /* Debug */,
				54EB4F4B274122910041D5C2 /* Release */,
			);
			defaultConfigurationIsVisible = 0;
			defaultConfigurationName = Release;
		};
/* End XCConfigurationList section */

/* Begin XCRemoteSwiftPackageReference section */
		54EB4F5F27412E120041D5C2 /* XCRemoteSwiftPackageReference "Alamofire" */ = {
			isa = XCRemoteSwiftPackageReference;
			repositoryURL = "https://github.com/Alamofire/Alamofire.git";
			requirement = {
				branch = master;
				kind = branch;
			};
		};
		54EB4F6227412F3A0041D5C2 /* XCRemoteSwiftPackageReference "PromiseKit" */ = {
			isa = XCRemoteSwiftPackageReference;
			repositoryURL = "https://github.com/mxcl/PromiseKit.git";
			requirement = {
				kind = upToNextMajorVersion;
				minimumVersion = 6.0.0;
			};
		};
/* End XCRemoteSwiftPackageReference section */

/* Begin XCSwiftPackageProductDependency section */
		54EB4F6027412E120041D5C2 /* Alamofire */ = {
			isa = XCSwiftPackageProductDependency;
			package = 54EB4F5F27412E120041D5C2 /* XCRemoteSwiftPackageReference "Alamofire" */;
			productName = Alamofire;
		};
		54EB4F6327412F3A0041D5C2 /* PromiseKit */ = {
			isa = XCSwiftPackageProductDependency;
			package = 54EB4F6227412F3A0041D5C2 /* XCRemoteSwiftPackageReference "PromiseKit" */;
			productName = PromiseKit;
		};
/* End XCSwiftPackageProductDependency section */
	};
	rootObject = 54EB4F112741228D0041D5C2 /* Project object */;
}
