{
  "object": {
    "pins": [
      {
        "package": "Alamofire",
        "repositoryURL": "https://github.com/Alamofire/Alamofire.git",
        "state": {
          "branch": "master",
          "revision": "26b8c9a41aa03f0356f957ab62e9ca6b1068afe0",
          "version": null
        }
      },
      {
        "package": "PromiseKit",
        "repositoryURL": "https://github.com/mxcl/PromiseKit.git",
        "state": {
          "branch": null,
          "revision": "00afea5360bf1c02ac83209c2c8991f73b5a4e7d",
          "version": "6.16.1"
        }
      }
    ]
  },
  "version": 1
}
